
Microsoft Visual Studio Solution File, Format Version 12.00
# Visual Studio Version 16
VisualStudioVersion = 16.0.30621.155
MinimumVisualStudioVersion = 10.0.40219.1
Project("{FAE04EC0-301F-11D3-BF4B-00C04F79EFBC}") = "FinalProjectasp", "FinalProjectasp\FinalProjectasp.csproj", "{B677CFB7-F0D4-4C0E-8A50-B83DE4B1AB64}"
EndProject
Global
	GlobalSection(SolutionConfigurationPlatforms) = preSolution
		Debug|Any CPU = Debug|Any CPU
		Release|Any CPU = Release|Any CPU
	EndGlobalSection
	GlobalSection(ProjectConfigurationPlatforms) = postSolution
		{B677CFB7-F0D4-4C0E-8A50-B83DE4B1AB64}.Debug|Any CPU.ActiveCfg = Debug|Any CPU
		{B677CFB7-F0D4-4C0E-8A50-B83DE4B1AB64}.Debug|Any CPU.Build.0 = Debug|Any CPU
		{B677CFB7-F0D4-4C0E-8A50-B83DE4B1AB64}.Release|Any CPU.ActiveCfg = Release|Any CPU
		{B677CFB7-F0D4-4C0E-8A50-B83DE4B1AB64}.Release|Any CPU.Build.0 = Release|Any CPU
	EndGlobalSection
	GlobalSection(SolutionProperties) = preSolution
		HideSolutionNode = FALSE
	EndGlobalSection
	GlobalSection(ExtensibilityGlobals) = postSolution
		SolutionGuid = {18D48211-D505-4BA9-8D71-0F54142EF726}
	EndGlobalSection
EndGlobal
